{
  "name": "capacitor-alarm-notification",
  "version": "0.0.1",
  "lockfileVersion": 2,
  "requires": true,
  "packages": {
    "": {
      "name": "capacitor-alarm-notification",
      "version": "0.0.1",
      "license": "MIT",
      "dependencies": {
        "@capacitor/core": "^4.7.1"
      },
      "devDependencies": {
        "@capacitor/android": "^4.7.1",
        "@capacitor/ios": "^4.7.1",
        "typescript": "^5.0.2"
      }
    },
    "node_modules/@capacitor/android": {
      "version": "4.7.1",
      "resolved": "https://registry.npmjs.org/@capacitor/android/-/android-4.7.1.tgz",
      "integrity": "sha512-WRyP50HDfZVW/xiCHh8MMFSO30AqiLVLrCmBwNsMYSldzBbhSaU06YJXU41jJjXR2yu6E3/H6r8hNU2gec4RKA==",
      "dev": true,
      "peerDependencies": {
        "@capacitor/core": "^4.7.0"
      }
    },
    "node_modules/@capacitor/core": {
      "version": "4.7.1",
      "resolved": "https://registry.npmjs.org/@capacitor/core/-/core-4.7.1.tgz",
      "integrity": "sha512-NZcsyPNt1avNELnKuD5OsL/O/ejQxlw9UkLUEuiptPPAEwS8WJ1gGabaEBbCb2wNA/nPfrGH+ZC2LGhlpMlLeg==",
      "dependencies": {
        "tslib": "^2.1.0"
      }
    },
    "node_modules/@capacitor/ios": {
      "version": "4.7.1",
      "resolved": "https://registry.npmjs.org/@capacitor/ios/-/ios-4.7.1.tgz",
      "integrity": "sha512-8VPxVoqj8E8e4lwPphAZ6ZdOtfQNC+DfUNafjyF+Y/hWu7xMBaElDnCqfSIVKtLUoJud8Ke7yONgMTHnNE+C9A==",
      "dev": true,
      "peerDependencies": {
        "@capacitor/core": "^4.7.0"
      }
    },
    "node_modules/tslib": {
      "version": "2.5.0",
      "resolved": "https://registry.npmjs.org/tslib/-/tslib-2.5.0.tgz",
      "integrity": "sha512-336iVw3rtn2BUK7ORdIAHTyxHGRIHVReokCR3XjbckJMK7ms8FysBfhLR8IXnAgy7T0PTPNBWKiH514FOW/WSg=="
    },
    "node_modules/typescript": {
      "version": "5.0.2",
      "resolved": "https://registry.npmjs.org/typescript/-/typescript-5.0.2.tgz",
      "integrity": "sha512-wVORMBGO/FAs/++blGNeAVdbNKtIh1rbBL2EyQ1+J9lClJ93KiiKe8PmFIVdXhHcyv44SL9oglmfeSsndo0jRw==",
      "dev": true,
      "bin": {
        "tsc": "bin/tsc",
        "tsserver": "bin/tsserver"
      },
      "engines": {
        "node": ">=12.20"
      }
    }
  },
  "dependencies": {
    "@capacitor/android": {
      "version": "4.7.1",
      "resolved": "https://registry.npmjs.org/@capacitor/android/-/android-4.7.1.tgz",
      "integrity": "sha512-WRyP50HDfZVW/xiCHh8MMFSO30AqiLVLrCmBwNsMYSldzBbhSaU06YJXU41jJjXR2yu6E3/H6r8hNU2gec4RKA==",
      "dev": true,
      "requires": {}
    },
    "@capacitor/core": {
      "version": "4.7.1",
      "resolved": "https://registry.npmjs.org/@capacitor/core/-/core-4.7.1.tgz",
      "integrity": "sha512-NZcsyPNt1avNELnKuD5OsL/O/ejQxlw9UkLUEuiptPPAEwS8WJ1gGabaEBbCb2wNA/nPfrGH+ZC2LGhlpMlLeg==",
      "requires": {
        "tslib": "^2.1.0"
      }
    },
    "@capacitor/ios": {
      "version": "4.7.1",
      "resolved": "https://registry.npmjs.org/@capacitor/ios/-/ios-4.7.1.tgz",
      "integrity": "sha512-8VPxVoqj8E8e4lwPphAZ6ZdOtfQNC+DfUNafjyF+Y/hWu7xMBaElDnCqfSIVKtLUoJud8Ke7yONgMTHnNE+C9A==",
      "dev": true,
      "requires": {}
    },
    "tslib": {
      "version": "2.5.0",
      "resolved": "https://registry.npmjs.org/tslib/-/tslib-2.5.0.tgz",
      "integrity": "sha512-336iVw3rtn2BUK7ORdIAHTyxHGRIHVReokCR3XjbckJMK7ms8FysBfhLR8IXnAgy7T0PTPNBWKiH514FOW/WSg=="
    },
    "typescript": {
      "version": "5.0.2",
      "resolved": "https://registry.npmjs.org/typescript/-/typescript-5.0.2.tgz",
      "integrity": "sha512-wVORMBGO/FAs/++blGNeAVdbNKtIh1rbBL2EyQ1+J9lClJ93KiiKe8PmFIVdXhHcyv44SL9oglmfeSsndo0jRw==",
      "dev": true
    }
  }
}
